
Microsoft Visual Studio Solution File, Format Version 12.00
# Visual Studio Version 17
VisualStudioVersion = 17.10.35013.160
MinimumVisualStudioVersion = 10.0.40219.1
Project("{9A19103F-16F7-4668-BE54-9A1E7A4F7556}") = "MVCEtWebAPI", "MVCEtWebAPI\MVCEtWebAPI.csproj", "{8D41738D-8376-4045-97B8-E09559752C5D}"
EndProject
Project("{FAE04EC0-301F-11D3-BF4B-00C04F79EFBC}") = "Models", "Models\Models.csproj", "{E36430C7-88D5-41B0-B9EC-B729762E1309}"
EndProject
Project("{FAE04EC0-301F-11D3-BF4B-00C04F79EFBC}") = "WebAPI", "WebAPI\WebAPI.csproj", "{01712F66-B3CE-4FDE-A6B1-59014E8B8B72}"
EndProject
Global
	GlobalSection(SolutionConfigurationPlatforms) = preSolution
		Debug|Any CPU = Debug|Any CPU
		Release|Any CPU = Release|Any CPU
	EndGlobalSection
	GlobalSection(ProjectConfigurationPlatforms) = postSolution
		{8D41738D-8376-4045-97B8-E09559752C5D}.Debug|Any CPU.ActiveCfg = Debug|Any CPU
		{8D41738D-8376-4045-97B8-E09559752C5D}.Debug|Any CPU.Build.0 = Debug|Any CPU
		{8D41738D-8376-4045-97B8-E09559752C5D}.Release|Any CPU.ActiveCfg = Release|Any CPU
		{8D41738D-8376-4045-97B8-E09559752C5D}.Release|Any CPU.Build.0 = Release|Any CPU
		{E36430C7-88D5-41B0-B9EC-B729762E1309}.Debug|Any CPU.ActiveCfg = Debug|Any CPU
		{E36430C7-88D5-41B0-B9EC-B729762E1309}.Debug|Any CPU.Build.0 = Debug|Any CPU
		{E36430C7-88D5-41B0-B9EC-B729762E1309}.Release|Any CPU.ActiveCfg = Release|Any CPU
		{E36430C7-88D5-41B0-B9EC-B729762E1309}.Release|Any CPU.Build.0 = Release|Any CPU
		{01712F66-B3CE-4FDE-A6B1-59014E8B8B72}.Debug|Any CPU.ActiveCfg = Debug|Any CPU
		{01712F66-B3CE-4FDE-A6B1-59014E8B8B72}.Debug|Any CPU.Build.0 = Debug|Any CPU
		{01712F66-B3CE-4FDE-A6B1-59014E8B8B72}.Release|Any CPU.ActiveCfg = Release|Any CPU
		{01712F66-B3CE-4FDE-A6B1-59014E8B8B72}.Release|Any CPU.Build.0 = Release|Any CPU
	EndGlobalSection
	GlobalSection(SolutionProperties) = preSolution
		HideSolutionNode = FALSE
	EndGlobalSection
	GlobalSection(ExtensibilityGlobals) = postSolution
		SolutionGuid = {9104B1FF-F4D3-473D-BE63-0EBF02404253}
	EndGlobalSection
EndGlobal
